
Microsoft Visual Studio Solution File, Format Version 12.00
# Visual Studio Version 17
VisualStudioVersion = 17.0.31903.59
MinimumVisualStudioVersion = 10.0.40219.1
Project("{2150E333-8FDC-42A3-9474-1A3956D46DE8}") = "Diacord", "Diacord", "{BE3D82C9-8556-460D-AD40-37BE533116B9}"
EndProject
Project("{6EC3EE1D-3C4E-46DD-8F32-0CC8E7565705}") = "Diacord.Core", "Diacord\Diacord.Core\Diacord.Core.fsproj", "{F6A162FC-CBC7-4190-9C13-C85B2B628616}"
EndProject
Project("{2150E333-8FDC-42A3-9474-1A3956D46DE8}") = "Tests", "Tests", "{1CF02583-819A-4D2F-BD0B-B1B9E895C09B}"
EndProject
Project("{6EC3EE1D-3C4E-46DD-8F32-0CC8E7565705}") = "Diacord.Core.Tests.Unit", "Diacord\Diacord.Core.Tests.Unit\Diacord.Core.Tests.Unit.fsproj", "{14A9FD97-7486-4C82-8221-8DF6A396FD66}"
EndProject
Project("{2150E333-8FDC-42A3-9474-1A3956D46DE8}") = "Discordfs", "Discordfs", "{50913003-23E3-46A3-98E7-C58380A00FC2}"
EndProject
Project("{6EC3EE1D-3C4E-46DD-8F32-0CC8E7565705}") = "Discordfs.Commands", "Discordfs\Discordfs.Commands\Discordfs.Commands.fsproj", "{32BA9B68-8D56-4DEF-AC01-682153F1C0DA}"
EndProject
Project("{6EC3EE1D-3C4E-46DD-8F32-0CC8E7565705}") = "Discordfs.Gateway", "Discordfs\Discordfs.Gateway\Discordfs.Gateway.fsproj", "{B5424619-9D3B-47CF-8904-BBE5C0A7CA2F}"
EndProject
Project("{6EC3EE1D-3C4E-46DD-8F32-0CC8E7565705}") = "Discordfs.Rest", "Discordfs\Discordfs.Rest\Discordfs.Rest.fsproj", "{A285AAF6-C082-4D91-B255-5D26E879CF1D}"
EndProject
Project("{6EC3EE1D-3C4E-46DD-8F32-0CC8E7565705}") = "Discordfs.Types", "Discordfs\Discordfs.Types\Discordfs.Types.fsproj", "{BEC34D6E-F4DA-4002-BDF6-C6327B180D11}"
EndProject
Project("{2150E333-8FDC-42A3-9474-1A3956D46DE8}") = "Tests", "Tests", "{FEBEEC81-5761-48E1-B8B9-E4E83E4A7F1F}"
EndProject
Project("{6EC3EE1D-3C4E-46DD-8F32-0CC8E7565705}") = "Discordfs.Commands.Tests.Unit", "Discordfs\Discordfs.Commands.Tests.Unit\Discordfs.Commands.Tests.Unit.fsproj", "{E7187B04-C166-4F38-AD5F-F8B31828CAB3}"
EndProject
Project("{6EC3EE1D-3C4E-46DD-8F32-0CC8E7565705}") = "Discordfs.Gateway.Tests.Unit", "Discordfs\Discordfs.Gateway.Tests.Unit\Discordfs.Gateway.Tests.Unit.fsproj", "{FE220805-E00B-4B85-A424-649626F793D4}"
EndProject
Project("{6EC3EE1D-3C4E-46DD-8F32-0CC8E7565705}") = "Discordfs.Rest.Tests.Unit", "Discordfs\Discordfs.Rest.Tests.Unit\Discordfs.Rest.Tests.Unit.fsproj", "{ACBBC98C-1FD4-4CFC-B7BC-7CDAA019833E}"
EndProject
Project("{6EC3EE1D-3C4E-46DD-8F32-0CC8E7565705}") = "Discordfs.Types.Tests.Unit", "Discordfs\Discordfs.Types.Tests.Unit\Discordfs.Types.Tests.Unit.fsproj", "{36B2314E-DC98-4D53-A384-A5725712DA82}"
EndProject
Project("{2150E333-8FDC-42A3-9474-1A3956D46DE8}") = "Modkit", "Modkit", "{3AF421C4-689C-46A7-9F96-1429150EBFE9}"
EndProject
Project("{6EC3EE1D-3C4E-46DD-8F32-0CC8E7565705}") = "Api", "Modkit\Api\Api.fsproj", "{807C0FFE-B9CA-467D-9A2D-0AF492ED84FA}"
EndProject
Project("{2150E333-8FDC-42A3-9474-1A3956D46DE8}") = "Tests", "Tests", "{AFA43FEE-9202-4BC3-BD28-FBABD2672E8A}"
EndProject
Project("{6EC3EE1D-3C4E-46DD-8F32-0CC8E7565705}") = "Api.Tests.Unit", "Modkit\Api.Tests.Unit\Api.Tests.Unit.fsproj", "{398569AF-870C-4086-B214-1DA42F15D9AC}"
EndProject
Project("{2150E333-8FDC-42A3-9474-1A3956D46DE8}") = "Tools", "Tools", "{5A8884C2-D7E1-4CAF-A47E-A8FC532A0BE6}"
EndProject
Project("{6EC3EE1D-3C4E-46DD-8F32-0CC8E7565705}") = "DiscordApiSwagger", "Tools\DiscordApiSwagger\DiscordApiSwagger.fsproj", "{30DF573F-A458-411D-89FB-C1B42B02C85E}"
EndProject
Project("{6EC3EE1D-3C4E-46DD-8F32-0CC8E7565705}") = "Discordfs.Webhook", "Discordfs\Discordfs.Webhook\Discordfs.Webhook.fsproj", "{4B325A35-D1F3-4880-92ED-4E240FD1B936}"
EndProject
Project("{6EC3EE1D-3C4E-46DD-8F32-0CC8E7565705}") = "Discordfs.Webhook.Tests.Unit", "Discordfs\Discordfs.Webhook.Tests.Unit\Discordfs.Webhook.Tests.Unit.fsproj", "{F44A7EE8-086A-4E41-8E85-1811E50E31BB}"
EndProject
Project("{6EC3EE1D-3C4E-46DD-8F32-0CC8E7565705}") = "Bot", "Modkit\Bot\Bot.fsproj", "{5202DE63-C9EF-49EA-BCFF-64A5E4D1A723}"
EndProject
Project("{6EC3EE1D-3C4E-46DD-8F32-0CC8E7565705}") = "Bot.Tests.Unit", "Modkit\Bot.Tests.Unit\Bot.Tests.Unit.fsproj", "{DD3EA2F7-F70A-4CA5-854C-9CE6B9AA894F}"
EndProject
Project("{6EC3EE1D-3C4E-46DD-8F32-0CC8E7565705}") = "Discordfs", "Discordfs\Discordfs\Discordfs.fsproj", "{6BEAA4A0-1074-4CEC-B189-F091B840119A}"
EndProject
Project("{2150E333-8FDC-42A3-9474-1A3956D46DE8}") = "Shared", "Shared", "{F4BDEE2A-E622-498A-BEFD-1FD9B0E87AE4}"
EndProject
Project("{6EC3EE1D-3C4E-46DD-8F32-0CC8E7565705}") = "Extensions", "Shared\Extensions\Extensions.fsproj", "{5877DF75-F1A4-4D56-B0D5-343FDC6D5F41}"
EndProject
Project("{6EC3EE1D-3C4E-46DD-8F32-0CC8E7565705}") = "Api.Client", "Modkit\Api.Client\Api.Client.fsproj", "{1EFB96C0-ADF8-428C-B90D-DFF9C18DEE01}"
EndProject
Project("{F2A71F9B-5D33-465A-A702-920D77279786}") = "Discordfs.Utils", "Discordfs\Discordfs.Utils\Discordfs.Utils.fsproj", "{FB8B38DD-3EC1-4C95-B69B-3DE5F8080A27}"
EndProject
Project("{F2A71F9B-5D33-465A-A702-920D77279786}") = "Discordfs.Utils.Tests.Unit", "Discordfs\Discordfs.Utils.Tests.Unit\Discordfs.Utils.Tests.Unit.fsproj", "{72494BB6-4ED7-437B-8C40-18CE27071C71}"
EndProject
Project("{F2A71F9B-5D33-465A-A702-920D77279786}") = "Website", "Modkit\Website\Website.fsproj", "{4EC3F92E-A189-4815-A5E2-936CD693607D}"
EndProject
Project("{2150E333-8FDC-42A3-9474-1A3956D46DE8}") = "Gateway", "Gateway", "{73A5C85E-AD74-45DF-97E1-40F27E7EB916}"
EndProject
Project("{F2A71F9B-5D33-465A-A702-920D77279786}") = "WorkerNode", "Gateway\WorkerNode\WorkerNode.fsproj", "{6A931A0D-3D90-46CE-84E1-2D89F83C65CE}"
EndProject
Project("{F2A71F9B-5D33-465A-A702-920D77279786}") = "Orchestrator", "Gateway\Orchestrator\Orchestrator.fsproj", "{B7B64FF1-7E61-4720-84E4-76AA34779662}"
EndProject
Project("{6EC3EE1D-3C4E-46DD-8F32-0CC8E7565705}") = "Roles", "Modkit\Roles\Roles.fsproj", "{5A519AC2-71B1-4DF2-9A83-C742B0D4B23F}"
EndProject
Global
	GlobalSection(SolutionConfigurationPlatforms) = preSolution
		Debug|Any CPU = Debug|Any CPU
		Release|Any CPU = Release|Any CPU
	EndGlobalSection
	GlobalSection(ProjectConfigurationPlatforms) = postSolution
		{F6A162FC-CBC7-4190-9C13-C85B2B628616}.Debug|Any CPU.ActiveCfg = Debug|Any CPU
		{F6A162FC-CBC7-4190-9C13-C85B2B628616}.Debug|Any CPU.Build.0 = Debug|Any CPU
		{F6A162FC-CBC7-4190-9C13-C85B2B628616}.Release|Any CPU.ActiveCfg = Release|Any CPU
		{F6A162FC-CBC7-4190-9C13-C85B2B628616}.Release|Any CPU.Build.0 = Release|Any CPU
		{14A9FD97-7486-4C82-8221-8DF6A396FD66}.Debug|Any CPU.ActiveCfg = Debug|Any CPU
		{14A9FD97-7486-4C82-8221-8DF6A396FD66}.Debug|Any CPU.Build.0 = Debug|Any CPU
		{14A9FD97-7486-4C82-8221-8DF6A396FD66}.Release|Any CPU.ActiveCfg = Release|Any CPU
		{14A9FD97-7486-4C82-8221-8DF6A396FD66}.Release|Any CPU.Build.0 = Release|Any CPU
		{32BA9B68-8D56-4DEF-AC01-682153F1C0DA}.Debug|Any CPU.ActiveCfg = Debug|Any CPU
		{32BA9B68-8D56-4DEF-AC01-682153F1C0DA}.Debug|Any CPU.Build.0 = Debug|Any CPU
		{32BA9B68-8D56-4DEF-AC01-682153F1C0DA}.Release|Any CPU.ActiveCfg = Release|Any CPU
		{32BA9B68-8D56-4DEF-AC01-682153F1C0DA}.Release|Any CPU.Build.0 = Release|Any CPU
		{B5424619-9D3B-47CF-8904-BBE5C0A7CA2F}.Debug|Any CPU.ActiveCfg = Debug|Any CPU
		{B5424619-9D3B-47CF-8904-BBE5C0A7CA2F}.Debug|Any CPU.Build.0 = Debug|Any CPU
		{B5424619-9D3B-47CF-8904-BBE5C0A7CA2F}.Release|Any CPU.ActiveCfg = Release|Any CPU
		{B5424619-9D3B-47CF-8904-BBE5C0A7CA2F}.Release|Any CPU.Build.0 = Release|Any CPU
		{A285AAF6-C082-4D91-B255-5D26E879CF1D}.Debug|Any CPU.ActiveCfg = Debug|Any CPU
		{A285AAF6-C082-4D91-B255-5D26E879CF1D}.Debug|Any CPU.Build.0 = Debug|Any CPU
		{A285AAF6-C082-4D91-B255-5D26E879CF1D}.Release|Any CPU.ActiveCfg = Release|Any CPU
		{A285AAF6-C082-4D91-B255-5D26E879CF1D}.Release|Any CPU.Build.0 = Release|Any CPU
		{BEC34D6E-F4DA-4002-BDF6-C6327B180D11}.Debug|Any CPU.ActiveCfg = Debug|Any CPU
		{BEC34D6E-F4DA-4002-BDF6-C6327B180D11}.Debug|Any CPU.Build.0 = Debug|Any CPU
		{BEC34D6E-F4DA-4002-BDF6-C6327B180D11}.Release|Any CPU.ActiveCfg = Release|Any CPU
		{BEC34D6E-F4DA-4002-BDF6-C6327B180D11}.Release|Any CPU.Build.0 = Release|Any CPU
		{E7187B04-C166-4F38-AD5F-F8B31828CAB3}.Debug|Any CPU.ActiveCfg = Debug|Any CPU
		{E7187B04-C166-4F38-AD5F-F8B31828CAB3}.Debug|Any CPU.Build.0 = Debug|Any CPU
		{E7187B04-C166-4F38-AD5F-F8B31828CAB3}.Release|Any CPU.ActiveCfg = Release|Any CPU
		{E7187B04-C166-4F38-AD5F-F8B31828CAB3}.Release|Any CPU.Build.0 = Release|Any CPU
		{FE220805-E00B-4B85-A424-649626F793D4}.Debug|Any CPU.ActiveCfg = Debug|Any CPU
		{FE220805-E00B-4B85-A424-649626F793D4}.Debug|Any CPU.Build.0 = Debug|Any CPU
		{FE220805-E00B-4B85-A424-649626F793D4}.Release|Any CPU.ActiveCfg = Release|Any CPU
		{FE220805-E00B-4B85-A424-649626F793D4}.Release|Any CPU.Build.0 = Release|Any CPU
		{ACBBC98C-1FD4-4CFC-B7BC-7CDAA019833E}.Debug|Any CPU.ActiveCfg = Debug|Any CPU
		{ACBBC98C-1FD4-4CFC-B7BC-7CDAA019833E}.Debug|Any CPU.Build.0 = Debug|Any CPU
		{ACBBC98C-1FD4-4CFC-B7BC-7CDAA019833E}.Release|Any CPU.ActiveCfg = Release|Any CPU
		{ACBBC98C-1FD4-4CFC-B7BC-7CDAA019833E}.Release|Any CPU.Build.0 = Release|Any CPU
		{36B2314E-DC98-4D53-A384-A5725712DA82}.Debug|Any CPU.ActiveCfg = Debug|Any CPU
		{36B2314E-DC98-4D53-A384-A5725712DA82}.Debug|Any CPU.Build.0 = Debug|Any CPU
		{36B2314E-DC98-4D53-A384-A5725712DA82}.Release|Any CPU.ActiveCfg = Release|Any CPU
		{36B2314E-DC98-4D53-A384-A5725712DA82}.Release|Any CPU.Build.0 = Release|Any CPU
		{807C0FFE-B9CA-467D-9A2D-0AF492ED84FA}.Debug|Any CPU.ActiveCfg = Debug|Any CPU
		{807C0FFE-B9CA-467D-9A2D-0AF492ED84FA}.Debug|Any CPU.Build.0 = Debug|Any CPU
		{807C0FFE-B9CA-467D-9A2D-0AF492ED84FA}.Release|Any CPU.ActiveCfg = Release|Any CPU
		{807C0FFE-B9CA-467D-9A2D-0AF492ED84FA}.Release|Any CPU.Build.0 = Release|Any CPU
		{398569AF-870C-4086-B214-1DA42F15D9AC}.Debug|Any CPU.ActiveCfg = Debug|Any CPU
		{398569AF-870C-4086-B214-1DA42F15D9AC}.Debug|Any CPU.Build.0 = Debug|Any CPU
		{398569AF-870C-4086-B214-1DA42F15D9AC}.Release|Any CPU.ActiveCfg = Release|Any CPU
		{398569AF-870C-4086-B214-1DA42F15D9AC}.Release|Any CPU.Build.0 = Release|Any CPU
		{30DF573F-A458-411D-89FB-C1B42B02C85E}.Debug|Any CPU.ActiveCfg = Debug|Any CPU
		{30DF573F-A458-411D-89FB-C1B42B02C85E}.Debug|Any CPU.Build.0 = Debug|Any CPU
		{30DF573F-A458-411D-89FB-C1B42B02C85E}.Release|Any CPU.ActiveCfg = Release|Any CPU
		{30DF573F-A458-411D-89FB-C1B42B02C85E}.Release|Any CPU.Build.0 = Release|Any CPU
		{4B325A35-D1F3-4880-92ED-4E240FD1B936}.Debug|Any CPU.ActiveCfg = Debug|Any CPU
		{4B325A35-D1F3-4880-92ED-4E240FD1B936}.Debug|Any CPU.Build.0 = Debug|Any CPU
		{4B325A35-D1F3-4880-92ED-4E240FD1B936}.Release|Any CPU.ActiveCfg = Release|Any CPU
		{4B325A35-D1F3-4880-92ED-4E240FD1B936}.Release|Any CPU.Build.0 = Release|Any CPU
		{F44A7EE8-086A-4E41-8E85-1811E50E31BB}.Debug|Any CPU.ActiveCfg = Debug|Any CPU
		{F44A7EE8-086A-4E41-8E85-1811E50E31BB}.Debug|Any CPU.Build.0 = Debug|Any CPU
		{F44A7EE8-086A-4E41-8E85-1811E50E31BB}.Release|Any CPU.ActiveCfg = Release|Any CPU
		{F44A7EE8-086A-4E41-8E85-1811E50E31BB}.Release|Any CPU.Build.0 = Release|Any CPU
		{5202DE63-C9EF-49EA-BCFF-64A5E4D1A723}.Debug|Any CPU.ActiveCfg = Debug|Any CPU
		{5202DE63-C9EF-49EA-BCFF-64A5E4D1A723}.Debug|Any CPU.Build.0 = Debug|Any CPU
		{5202DE63-C9EF-49EA-BCFF-64A5E4D1A723}.Release|Any CPU.ActiveCfg = Release|Any CPU
		{5202DE63-C9EF-49EA-BCFF-64A5E4D1A723}.Release|Any CPU.Build.0 = Release|Any CPU
		{DD3EA2F7-F70A-4CA5-854C-9CE6B9AA894F}.Debug|Any CPU.ActiveCfg = Debug|Any CPU
		{DD3EA2F7-F70A-4CA5-854C-9CE6B9AA894F}.Debug|Any CPU.Build.0 = Debug|Any CPU
		{DD3EA2F7-F70A-4CA5-854C-9CE6B9AA894F}.Release|Any CPU.ActiveCfg = Release|Any CPU
		{DD3EA2F7-F70A-4CA5-854C-9CE6B9AA894F}.Release|Any CPU.Build.0 = Release|Any CPU
		{6BEAA4A0-1074-4CEC-B189-F091B840119A}.Debug|Any CPU.ActiveCfg = Debug|Any CPU
		{6BEAA4A0-1074-4CEC-B189-F091B840119A}.Debug|Any CPU.Build.0 = Debug|Any CPU
		{6BEAA4A0-1074-4CEC-B189-F091B840119A}.Release|Any CPU.ActiveCfg = Release|Any CPU
		{6BEAA4A0-1074-4CEC-B189-F091B840119A}.Release|Any CPU.Build.0 = Release|Any CPU
		{5877DF75-F1A4-4D56-B0D5-343FDC6D5F41}.Debug|Any CPU.ActiveCfg = Debug|Any CPU
		{5877DF75-F1A4-4D56-B0D5-343FDC6D5F41}.Debug|Any CPU.Build.0 = Debug|Any CPU
		{5877DF75-F1A4-4D56-B0D5-343FDC6D5F41}.Release|Any CPU.ActiveCfg = Release|Any CPU
		{5877DF75-F1A4-4D56-B0D5-343FDC6D5F41}.Release|Any CPU.Build.0 = Release|Any CPU
		{1EFB96C0-ADF8-428C-B90D-DFF9C18DEE01}.Debug|Any CPU.ActiveCfg = Debug|Any CPU
		{1EFB96C0-ADF8-428C-B90D-DFF9C18DEE01}.Debug|Any CPU.Build.0 = Debug|Any CPU
		{1EFB96C0-ADF8-428C-B90D-DFF9C18DEE01}.Release|Any CPU.ActiveCfg = Release|Any CPU
		{1EFB96C0-ADF8-428C-B90D-DFF9C18DEE01}.Release|Any CPU.Build.0 = Release|Any CPU
		{FB8B38DD-3EC1-4C95-B69B-3DE5F8080A27}.Debug|Any CPU.ActiveCfg = Debug|Any CPU
		{FB8B38DD-3EC1-4C95-B69B-3DE5F8080A27}.Debug|Any CPU.Build.0 = Debug|Any CPU
		{FB8B38DD-3EC1-4C95-B69B-3DE5F8080A27}.Release|Any CPU.ActiveCfg = Release|Any CPU
		{FB8B38DD-3EC1-4C95-B69B-3DE5F8080A27}.Release|Any CPU.Build.0 = Release|Any CPU
		{72494BB6-4ED7-437B-8C40-18CE27071C71}.Debug|Any CPU.ActiveCfg = Debug|Any CPU
		{72494BB6-4ED7-437B-8C40-18CE27071C71}.Debug|Any CPU.Build.0 = Debug|Any CPU
		{72494BB6-4ED7-437B-8C40-18CE27071C71}.Release|Any CPU.ActiveCfg = Release|Any CPU
		{72494BB6-4ED7-437B-8C40-18CE27071C71}.Release|Any CPU.Build.0 = Release|Any CPU
		{4EC3F92E-A189-4815-A5E2-936CD693607D}.Debug|Any CPU.ActiveCfg = Debug|Any CPU
		{4EC3F92E-A189-4815-A5E2-936CD693607D}.Debug|Any CPU.Build.0 = Debug|Any CPU
		{4EC3F92E-A189-4815-A5E2-936CD693607D}.Release|Any CPU.ActiveCfg = Release|Any CPU
		{4EC3F92E-A189-4815-A5E2-936CD693607D}.Release|Any CPU.Build.0 = Release|Any CPU
		{6A931A0D-3D90-46CE-84E1-2D89F83C65CE}.Debug|Any CPU.ActiveCfg = Debug|Any CPU
		{6A931A0D-3D90-46CE-84E1-2D89F83C65CE}.Debug|Any CPU.Build.0 = Debug|Any CPU
		{6A931A0D-3D90-46CE-84E1-2D89F83C65CE}.Release|Any CPU.ActiveCfg = Release|Any CPU
		{6A931A0D-3D90-46CE-84E1-2D89F83C65CE}.Release|Any CPU.Build.0 = Release|Any CPU
		{B7B64FF1-7E61-4720-84E4-76AA34779662}.Debug|Any CPU.ActiveCfg = Debug|Any CPU
		{B7B64FF1-7E61-4720-84E4-76AA34779662}.Debug|Any CPU.Build.0 = Debug|Any CPU
		{B7B64FF1-7E61-4720-84E4-76AA34779662}.Release|Any CPU.ActiveCfg = Release|Any CPU
		{B7B64FF1-7E61-4720-84E4-76AA34779662}.Release|Any CPU.Build.0 = Release|Any CPU
		{5A519AC2-71B1-4DF2-9A83-C742B0D4B23F}.Debug|Any CPU.ActiveCfg = Debug|Any CPU
		{5A519AC2-71B1-4DF2-9A83-C742B0D4B23F}.Debug|Any CPU.Build.0 = Debug|Any CPU
		{5A519AC2-71B1-4DF2-9A83-C742B0D4B23F}.Release|Any CPU.ActiveCfg = Release|Any CPU
		{5A519AC2-71B1-4DF2-9A83-C742B0D4B23F}.Release|Any CPU.Build.0 = Release|Any CPU
	EndGlobalSection
	GlobalSection(SolutionProperties) = preSolution
		HideSolutionNode = FALSE
	EndGlobalSection
	GlobalSection(NestedProjects) = preSolution
		{F6A162FC-CBC7-4190-9C13-C85B2B628616} = {BE3D82C9-8556-460D-AD40-37BE533116B9}
		{1CF02583-819A-4D2F-BD0B-B1B9E895C09B} = {BE3D82C9-8556-460D-AD40-37BE533116B9}
		{14A9FD97-7486-4C82-8221-8DF6A396FD66} = {1CF02583-819A-4D2F-BD0B-B1B9E895C09B}
		{32BA9B68-8D56-4DEF-AC01-682153F1C0DA} = {50913003-23E3-46A3-98E7-C58380A00FC2}
		{B5424619-9D3B-47CF-8904-BBE5C0A7CA2F} = {50913003-23E3-46A3-98E7-C58380A00FC2}
		{A285AAF6-C082-4D91-B255-5D26E879CF1D} = {50913003-23E3-46A3-98E7-C58380A00FC2}
		{BEC34D6E-F4DA-4002-BDF6-C6327B180D11} = {50913003-23E3-46A3-98E7-C58380A00FC2}
		{FEBEEC81-5761-48E1-B8B9-E4E83E4A7F1F} = {50913003-23E3-46A3-98E7-C58380A00FC2}
		{E7187B04-C166-4F38-AD5F-F8B31828CAB3} = {FEBEEC81-5761-48E1-B8B9-E4E83E4A7F1F}
		{FE220805-E00B-4B85-A424-649626F793D4} = {FEBEEC81-5761-48E1-B8B9-E4E83E4A7F1F}
		{ACBBC98C-1FD4-4CFC-B7BC-7CDAA019833E} = {FEBEEC81-5761-48E1-B8B9-E4E83E4A7F1F}
		{36B2314E-DC98-4D53-A384-A5725712DA82} = {FEBEEC81-5761-48E1-B8B9-E4E83E4A7F1F}
		{807C0FFE-B9CA-467D-9A2D-0AF492ED84FA} = {3AF421C4-689C-46A7-9F96-1429150EBFE9}
		{AFA43FEE-9202-4BC3-BD28-FBABD2672E8A} = {3AF421C4-689C-46A7-9F96-1429150EBFE9}
		{398569AF-870C-4086-B214-1DA42F15D9AC} = {AFA43FEE-9202-4BC3-BD28-FBABD2672E8A}
		{30DF573F-A458-411D-89FB-C1B42B02C85E} = {5A8884C2-D7E1-4CAF-A47E-A8FC532A0BE6}
		{4B325A35-D1F3-4880-92ED-4E240FD1B936} = {50913003-23E3-46A3-98E7-C58380A00FC2}
		{F44A7EE8-086A-4E41-8E85-1811E50E31BB} = {FEBEEC81-5761-48E1-B8B9-E4E83E4A7F1F}
		{5202DE63-C9EF-49EA-BCFF-64A5E4D1A723} = {3AF421C4-689C-46A7-9F96-1429150EBFE9}
		{DD3EA2F7-F70A-4CA5-854C-9CE6B9AA894F} = {AFA43FEE-9202-4BC3-BD28-FBABD2672E8A}
		{6BEAA4A0-1074-4CEC-B189-F091B840119A} = {50913003-23E3-46A3-98E7-C58380A00FC2}
		{5877DF75-F1A4-4D56-B0D5-343FDC6D5F41} = {F4BDEE2A-E622-498A-BEFD-1FD9B0E87AE4}
		{1EFB96C0-ADF8-428C-B90D-DFF9C18DEE01} = {3AF421C4-689C-46A7-9F96-1429150EBFE9}
		{FB8B38DD-3EC1-4C95-B69B-3DE5F8080A27} = {50913003-23E3-46A3-98E7-C58380A00FC2}
		{72494BB6-4ED7-437B-8C40-18CE27071C71} = {FEBEEC81-5761-48E1-B8B9-E4E83E4A7F1F}
		{4EC3F92E-A189-4815-A5E2-936CD693607D} = {3AF421C4-689C-46A7-9F96-1429150EBFE9}
		{6A931A0D-3D90-46CE-84E1-2D89F83C65CE} = {73A5C85E-AD74-45DF-97E1-40F27E7EB916}
		{B7B64FF1-7E61-4720-84E4-76AA34779662} = {73A5C85E-AD74-45DF-97E1-40F27E7EB916}
		{5A519AC2-71B1-4DF2-9A83-C742B0D4B23F} = {3AF421C4-689C-46A7-9F96-1429150EBFE9}
	EndGlobalSection
	GlobalSection(ExtensibilityGlobals) = postSolution
		SolutionGuid = {8FBB409A-BF16-45C1-A1A9-963CC88FA6B4}
	EndGlobalSection
EndGlobal
